
Microsoft Visual Studio Solution File, Format Version 12.00
# Visual Studio Version 17
VisualStudioVersion = 17.14.36908.2 d17.14
MinimumVisualStudioVersion = 10.0.40219.1
Project("{FAE04EC0-301F-11D3-BF4B-00C04F79EFBC}") = "OnlineExam", "OnlineExam\OnlineExam.csproj", "{CFFB4475-4E65-42DE-8EB9-B8AC98E5F565}"
EndProject
Global
	GlobalSection(SolutionConfigurationPlatforms) = preSolution
		Debug|Any CPU = Debug|Any CPU
		Release|Any CPU = Release|Any CPU
	EndGlobalSection
	GlobalSection(ProjectConfigurationPlatforms) = postSolution
		{CFFB4475-4E65-42DE-8EB9-B8AC98E5F565}.Debug|Any CPU.ActiveCfg = Debug|Any CPU
		{CFFB4475-4E65-42DE-8EB9-B8AC98E5F565}.Debug|Any CPU.Build.0 = Debug|Any CPU
		{CFFB4475-4E65-42DE-8EB9-B8AC98E5F565}.Release|Any CPU.ActiveCfg = Release|Any CPU
		{CFFB4475-4E65-42DE-8EB9-B8AC98E5F565}.Release|Any CPU.Build.0 = Release|Any CPU
	EndGlobalSection
	GlobalSection(SolutionProperties) = preSolution
		HideSolutionNode = FALSE
	EndGlobalSection
	GlobalSection(ExtensibilityGlobals) = postSolution
		SolutionGuid = {2103DF97-974B-4FCA-A052-BD38009D3E14}
	EndGlobalSection
EndGlobal
